
Microsoft Visual Studio Solution File, Format Version 12.00
# Visual Studio Version 17
VisualStudioVersion = 17.1.32210.238
MinimumVisualStudioVersion = 10.0.40219.1
Project("{9A19103F-16F7-4668-BE54-9A1E7A4F7556}") = "PL", "PL\PL.csproj", "{92A1733F-7A35-48C5-B082-D524AFB566DD}"
EndProject
Project("{9A19103F-16F7-4668-BE54-9A1E7A4F7556}") = "ML", "ML\ML.csproj", "{C51D4F2B-CE14-44C1-AF25-8B615D856B67}"
EndProject
Project("{9A19103F-16F7-4668-BE54-9A1E7A4F7556}") = "BL", "BL\BL.csproj", "{4F876108-2FF6-493D-A6BB-608167FED986}"
EndProject
Project("{9A19103F-16F7-4668-BE54-9A1E7A4F7556}") = "DL", "DL\DL.csproj", "{AC3C62CA-945D-45CA-8214-DC368C8261C7}"
EndProject
Project("{FAE04EC0-301F-11D3-BF4B-00C04F79EFBC}") = "SL", "SL\SL.csproj", "{51544669-B881-47DC-B6EA-7D5C0B2B7DCB}"
EndProject
Global
	GlobalSection(SolutionConfigurationPlatforms) = preSolution
		Debug|Any CPU = Debug|Any CPU
		Release|Any CPU = Release|Any CPU
	EndGlobalSection
	GlobalSection(ProjectConfigurationPlatforms) = postSolution
		{92A1733F-7A35-48C5-B082-D524AFB566DD}.Debug|Any CPU.ActiveCfg = Debug|Any CPU
		{92A1733F-7A35-48C5-B082-D524AFB566DD}.Debug|Any CPU.Build.0 = Debug|Any CPU
		{92A1733F-7A35-48C5-B082-D524AFB566DD}.Release|Any CPU.ActiveCfg = Release|Any CPU
		{92A1733F-7A35-48C5-B082-D524AFB566DD}.Release|Any CPU.Build.0 = Release|Any CPU
		{C51D4F2B-CE14-44C1-AF25-8B615D856B67}.Debug|Any CPU.ActiveCfg = Debug|Any CPU
		{C51D4F2B-CE14-44C1-AF25-8B615D856B67}.Debug|Any CPU.Build.0 = Debug|Any CPU
		{C51D4F2B-CE14-44C1-AF25-8B615D856B67}.Release|Any CPU.ActiveCfg = Release|Any CPU
		{C51D4F2B-CE14-44C1-AF25-8B615D856B67}.Release|Any CPU.Build.0 = Release|Any CPU
		{4F876108-2FF6-493D-A6BB-608167FED986}.Debug|Any CPU.ActiveCfg = Debug|Any CPU
		{4F876108-2FF6-493D-A6BB-608167FED986}.Debug|Any CPU.Build.0 = Debug|Any CPU
		{4F876108-2FF6-493D-A6BB-608167FED986}.Release|Any CPU.ActiveCfg = Release|Any CPU
		{4F876108-2FF6-493D-A6BB-608167FED986}.Release|Any CPU.Build.0 = Release|Any CPU
		{AC3C62CA-945D-45CA-8214-DC368C8261C7}.Debug|Any CPU.ActiveCfg = Debug|Any CPU
		{AC3C62CA-945D-45CA-8214-DC368C8261C7}.Debug|Any CPU.Build.0 = Debug|Any CPU
		{AC3C62CA-945D-45CA-8214-DC368C8261C7}.Release|Any CPU.ActiveCfg = Release|Any CPU
		{AC3C62CA-945D-45CA-8214-DC368C8261C7}.Release|Any CPU.Build.0 = Release|Any CPU
		{51544669-B881-47DC-B6EA-7D5C0B2B7DCB}.Debug|Any CPU.ActiveCfg = Debug|Any CPU
		{51544669-B881-47DC-B6EA-7D5C0B2B7DCB}.Debug|Any CPU.Build.0 = Debug|Any CPU
		{51544669-B881-47DC-B6EA-7D5C0B2B7DCB}.Release|Any CPU.ActiveCfg = Release|Any CPU
		{51544669-B881-47DC-B6EA-7D5C0B2B7DCB}.Release|Any CPU.Build.0 = Release|Any CPU
	EndGlobalSection
	GlobalSection(SolutionProperties) = preSolution
		HideSolutionNode = FALSE
	EndGlobalSection
	GlobalSection(ExtensibilityGlobals) = postSolution
		SolutionGuid = {8F42019F-3EB6-4B63-AD78-D77E1619A420}
	EndGlobalSection
EndGlobal
